
Microsoft Visual Studio Solution File, Format Version 12.00
# Visual Studio Version 17
VisualStudioVersion = 17.8.34525.116
MinimumVisualStudioVersion = 10.0.40219.1
Project("{FAE04EC0-301F-11D3-BF4B-00C04F79EFBC}") = "AdonetDemo", "AdonetDemo\AdonetDemo.csproj", "{CA81B49E-9960-47B0-8786-1A4FA657BA1A}"
EndProject
Global
	GlobalSection(SolutionConfigurationPlatforms) = preSolution
		Debug|Any CPU = Debug|Any CPU
		Release|Any CPU = Release|Any CPU
	EndGlobalSection
	GlobalSection(ProjectConfigurationPlatforms) = postSolution
		{CA81B49E-9960-47B0-8786-1A4FA657BA1A}.Debug|Any CPU.ActiveCfg = Debug|Any CPU
		{CA81B49E-9960-47B0-8786-1A4FA657BA1A}.Debug|Any CPU.Build.0 = Debug|Any CPU
		{CA81B49E-9960-47B0-8786-1A4FA657BA1A}.Release|Any CPU.ActiveCfg = Release|Any CPU
		{CA81B49E-9960-47B0-8786-1A4FA657BA1A}.Release|Any CPU.Build.0 = Release|Any CPU
	EndGlobalSection
	GlobalSection(SolutionProperties) = preSolution
		HideSolutionNode = FALSE
	EndGlobalSection
	GlobalSection(ExtensibilityGlobals) = postSolution
		SolutionGuid = {014CB2B1-31BD-4C62-87E2-CF96D1F86EFE}
	EndGlobalSection
EndGlobal
